
Microsoft Visual Studio Solution File, Format Version 11.00
# Visual Studio 2010
Project("{8BC9CEB8-8B4A-11D0-8D11-00A0C91BC942}") = "Timer", "Timer\Timer.vcxproj", "{DEE4CDF0-FFA7-40A1-9E4B-F359DA300B04}"
EndProject
Global
	GlobalSection(SolutionConfigurationPlatforms) = preSolution
		Debug|Win32 = Debug|Win32
		Release|Win32 = Release|Win32
	EndGlobalSection
	GlobalSection(ProjectConfigurationPlatforms) = postSolution
		{DEE4CDF0-FFA7-40A1-9E4B-F359DA300B04}.Debug|Win32.ActiveCfg = Debug|Win32
		{DEE4CDF0-FFA7-40A1-9E4B-F359DA300B04}.Debug|Win32.Build.0 = Debug|Win32
		{DEE4CDF0-FFA7-40A1-9E4B-F359DA300B04}.Release|Win32.ActiveCfg = Release|Win32
		{DEE4CDF0-FFA7-40A1-9E4B-F359DA300B04}.Release|Win32.Build.0 = Release|Win32
	EndGlobalSection
	GlobalSection(SolutionProperties) = preSolution
		HideSolutionNode = FALSE
	EndGlobalSection
EndGlobal
